{
  "name": "dms-plugin",
  "version": "1.0.0",
  "lockfileVersion": 1,
  "requires": true,
  "dependencies": {
    "bootbox": {
      "version": "5.5.3",
      "resolved": "https://registry.npmjs.org/bootbox/-/bootbox-5.5.3.tgz",
      "integrity": "sha512-B4mnm1DYgNHzoNtD7I0L/fixqvya4EEQy5bFF/yNmGI2Eq3WwVVwdfWf3hoF8KS+EaV4f0uIMqtxB1EAZwZPhQ=="
    },
    "bootstrap": {
      "version": "5.1.3",
      "resolved": "https://registry.npmjs.org/bootstrap/-/bootstrap-5.1.3.tgz",
      "integrity": "sha512-fcQztozJ8jToQWXxVuEyXWW+dSo8AiXWKwiSSrKWsRB/Qt+Ewwza+JWoLKiTuQLaEPhdNAJ7+Dosc9DOIqNy7Q=="
    }
  }
}
